// !$*UTF8*$!
{
	archiveVersion = 1;
	classes = {
	};
	objectVersion = 77;
	objects = {

/* Begin PBXBuildFile section */
		E202BAEB2E1E3F2A00ECEE0E /* Debug.xcconfig in Resources */ = {isa = PBXBuildFile; fileRef = E202BAEA2E1E3F2A00ECEE0E /* Debug.xcconfig */; };
		E202BAED2E1E3F3900ECEE0E /* Release.xcconfig in Resources */ = {isa = PBXBuildFile; fileRef = E202BAEC2E1E3F3900ECEE0E /* Release.xcconfig */; };
		E202BC402E1E91D300ECEE0E /* CombineMoya in Frameworks */ = {isa = PBXBuildFile; productRef = E202BC3F2E1E91D300ECEE0E /* CombineMoya */; };
		E202BC422E1E91D300ECEE0E /* Moya in Frameworks */ = {isa = PBXBuildFile; productRef = E202BC412E1E91D300ECEE0E /* Moya */; };
		E202BC442E1E91D300ECEE0E /* ReactiveMoya in Frameworks */ = {isa = PBXBuildFile; productRef = E202BC432E1E91D300ECEE0E /* ReactiveMoya */; };
		E202BC462E1E91D300ECEE0E /* RxMoya in Frameworks */ = {isa = PBXBuildFile; productRef = E202BC452E1E91D300ECEE0E /* RxMoya */; };
		E25DF4D62E28B54E00C15895 /* Kingfisher in Frameworks */ = {isa = PBXBuildFile; productRef = E25DF4D52E28B54E00C15895 /* Kingfisher */; };
/* End PBXBuildFile section */

/* Begin PBXFileReference section */
		D24556B22E192BE100409BD7 /* SaiSai.app */ = {isa = PBXFileReference; explicitFileType = wrapper.application; includeInIndex = 0; path = SaiSai.app; sourceTree = BUILT_PRODUCTS_DIR; };
		E202BAEA2E1E3F2A00ECEE0E /* Debug.xcconfig */ = {isa = PBXFileReference; lastKnownFileType = text.xcconfig; path = Debug.xcconfig; sourceTree = "<group>"; };
		E202BAEC2E1E3F3900ECEE0E /* Release.xcconfig */ = {isa = PBXFileReference; lastKnownFileType = text.xcconfig; path = Release.xcconfig; sourceTree = "<group>"; };
/* End PBXFileReference section */

/* Begin PBXFileSystemSynchronizedBuildFileExceptionSet section */
		D24556CB2E1933E400409BD7 /* Exceptions for "SaiSai" folder in "SaiSai" target */ = {
			isa = PBXFileSystemSynchronizedBuildFileExceptionSet;
			membershipExceptions = (
				SupportingFiles/Info.plist,
			);
			target = D24556B12E192BE100409BD7 /* SaiSai */;
		};
/* End PBXFileSystemSynchronizedBuildFileExceptionSet section */

/* Begin PBXFileSystemSynchronizedRootGroup section */
		D24556B42E192BE100409BD7 /* SaiSai */ = {
			isa = PBXFileSystemSynchronizedRootGroup;
			exceptions = (
				D24556CB2E1933E400409BD7 /* Exceptions for "SaiSai" folder in "SaiSai" target */,
			);
			path = SaiSai;
			sourceTree = "<group>";
		};
/* End PBXFileSystemSynchronizedRootGroup section */

/* Begin PBXFrameworksBuildPhase section */
		D24556AF2E192BE100409BD7 /* Frameworks */ = {
			isa = PBXFrameworksBuildPhase;
			buildActionMask = 2147483647;
			files = (
				E202BC422E1E91D300ECEE0E /* Moya in Frameworks */,
				E202BC402E1E91D300ECEE0E /* CombineMoya in Frameworks */,
				E202BC462E1E91D300ECEE0E /* RxMoya in Frameworks */,
				E202BC442E1E91D300ECEE0E /* ReactiveMoya in Frameworks */,
				E25DF4D62E28B54E00C15895 /* Kingfisher in Frameworks */,
			);
			runOnlyForDeploymentPostprocessing = 0;
		};
/* End PBXFrameworksBuildPhase section */

/* Begin PBXGroup section */
		D24556A92E192BE100409BD7 = {
			isa = PBXGroup;
			children = (
				E202BAEE2E1E423B00ECEE0E /* XCConfig */,
				D24556B42E192BE100409BD7 /* SaiSai */,
				D24556B32E192BE100409BD7 /* Products */,
			);
			sourceTree = "<group>";
		};
		D24556B32E192BE100409BD7 /* Products */ = {
			isa = PBXGroup;
			children = (
				D24556B22E192BE100409BD7 /* SaiSai.app */,
			);
			name = Products;
			sourceTree = "<group>";
		};
		E202BAEE2E1E423B00ECEE0E /* XCConfig */ = {
			isa = PBXGroup;
			children = (
				E202BAEC2E1E3F3900ECEE0E /* Release.xcconfig */,
				E202BAEA2E1E3F2A00ECEE0E /* Debug.xcconfig */,
			);
			path = XCConfig;
			sourceTree = "<group>";
		};
/* End PBXGroup section */

/* Begin PBXNativeTarget section */
		D24556B12E192BE100409BD7 /* SaiSai */ = {
			isa = PBXNativeTarget;
			buildConfigurationList = D24556BD2E192BE300409BD7 /* Build configuration list for PBXNativeTarget "SaiSai" */;
			buildPhases = (
				D24556AE2E192BE100409BD7 /* Sources */,
				D24556AF2E192BE100409BD7 /* Frameworks */,
				D24556B02E192BE100409BD7 /* Resources */,
			);
			buildRules = (
			);
			dependencies = (
			);
			fileSystemSynchronizedGroups = (
				D24556B42E192BE100409BD7 /* SaiSai */,
			);
			name = SaiSai;
			packageProductDependencies = (
				E202BC3F2E1E91D300ECEE0E /* CombineMoya */,
				E202BC412E1E91D300ECEE0E /* Moya */,
				E202BC432E1E91D300ECEE0E /* ReactiveMoya */,
				E202BC452E1E91D300ECEE0E /* RxMoya */,
				E25DF4D52E28B54E00C15895 /* Kingfisher */,
			);
			productName = SaiSai;
			productReference = D24556B22E192BE100409BD7 /* SaiSai.app */;
			productType = "com.apple.product-type.application";
		};
/* End PBXNativeTarget section */

/* Begin PBXProject section */
		D24556AA2E192BE100409BD7 /* Project object */ = {
			isa = PBXProject;
			attributes = {
				BuildIndependentTargetsInParallel = 1;
				LastSwiftUpdateCheck = 1630;
				LastUpgradeCheck = 1630;
				TargetAttributes = {
					D24556B12E192BE100409BD7 = {
						CreatedOnToolsVersion = 16.3;
					};
				};
			};
			buildConfigurationList = D24556AD2E192BE100409BD7 /* Build configuration list for PBXProject "SaiSai" */;
			developmentRegion = en;
			hasScannedForEncodings = 0;
			knownRegions = (
				en,
				Base,
			);
			mainGroup = D24556A92E192BE100409BD7;
			minimizedProjectReferenceProxies = 1;
			packageReferences = (
				E202BC3E2E1E91D300ECEE0E /* XCRemoteSwiftPackageReference "Moya" */,
				E25DF4D42E28B54E00C15895 /* XCRemoteSwiftPackageReference "Kingfisher" */,
			);
			preferredProjectObjectVersion = 77;
			productRefGroup = D24556B32E192BE100409BD7 /* Products */;
			projectDirPath = "";
			projectRoot = "";
			targets = (
				D24556B12E192BE100409BD7 /* SaiSai */,
			);
		};
/* End PBXProject section */

/* Begin PBXResourcesBuildPhase section */
		D24556B02E192BE100409BD7 /* Resources */ = {
			isa = PBXResourcesBuildPhase;
			buildActionMask = 2147483647;
			files = (
				E202BAED2E1E3F3900ECEE0E /* Release.xcconfig in Resources */,
				E202BAEB2E1E3F2A00ECEE0E /* Debug.xcconfig in Resources */,
			);
			runOnlyForDeploymentPostprocessing = 0;
		};
/* End PBXResourcesBuildPhase section */

/* Begin PBXSourcesBuildPhase section */
		D24556AE2E192BE100409BD7 /* Sources */ = {
			isa = PBXSourcesBuildPhase;
			buildActionMask = 2147483647;
			files = (
			);
			runOnlyForDeploymentPostprocessing = 0;
		};
/* End PBXSourcesBuildPhase section */

/* Begin XCBuildConfiguration section */
		D24556BB2E192BE300409BD7 /* Debug */ = {
			isa = XCBuildConfiguration;
			baseConfigurationReference = E202BAEA2E1E3F2A00ECEE0E /* Debug.xcconfig */;
			buildSettings = {
				ALWAYS_SEARCH_USER_PATHS = NO;
				ASSETCATALOG_COMPILER_GENERATE_SWIFT_ASSET_SYMBOL_EXTENSIONS = YES;
				CLANG_ANALYZER_NONNULL = YES;
				CLANG_ANALYZER_NUMBER_OBJECT_CONVERSION = YES_AGGRESSIVE;
				CLANG_CXX_LANGUAGE_STANDARD = "gnu++20";
				CLANG_ENABLE_MODULES = YES;
				CLANG_ENABLE_OBJC_ARC = YES;
				CLANG_ENABLE_OBJC_WEAK = YES;
				CLANG_WARN_BLOCK_CAPTURE_AUTORELEASING = YES;
				CLANG_WARN_BOOL_CONVERSION = YES;
				CLANG_WARN_COMMA = YES;
				CLANG_WARN_CONSTANT_CONVERSION = YES;
				CLANG_WARN_DEPRECATED_OBJC_IMPLEMENTATIONS = YES;
				CLANG_WARN_DIRECT_OBJC_ISA_USAGE = YES_ERROR;
				CLANG_WARN_DOCUMENTATION_COMMENTS = YES;
				CLANG_WARN_EMPTY_BODY = YES;
				CLANG_WARN_ENUM_CONVERSION = YES;
				CLANG_WARN_INFINITE_RECURSION = YES;
				CLANG_WARN_INT_CONVERSION = YES;
				CLANG_WARN_NON_LITERAL_NULL_CONVERSION = YES;
				CLANG_WARN_OBJC_IMPLICIT_RETAIN_SELF = YES;
				CLANG_WARN_OBJC_LITERAL_CONVERSION = YES;
				CLANG_WARN_OBJC_ROOT_CLASS = YES_ERROR;
				CLANG_WARN_QUOTED_INCLUDE_IN_FRAMEWORK_HEADER = YES;
				CLANG_WARN_RANGE_LOOP_ANALYSIS = YES;
				CLANG_WARN_STRICT_PROTOTYPES = YES;
				CLANG_WARN_SUSPICIOUS_MOVE = YES;
				CLANG_WARN_UNGUARDED_AVAILABILITY = YES_AGGRESSIVE;
				CLANG_WARN_UNREACHABLE_CODE = YES;
				CLANG_WARN__DUPLICATE_METHOD_MATCH = YES;
				COPY_PHASE_STRIP = NO;
				DEBUG_INFORMATION_FORMAT = dwarf;
				DEVELOPMENT_TEAM = KNU45PG8G9;
				ENABLE_STRICT_OBJC_MSGSEND = YES;
				ENABLE_TESTABILITY = YES;
				ENABLE_USER_SCRIPT_SANDBOXING = YES;
				GCC_C_LANGUAGE_STANDARD = gnu17;
				GCC_DYNAMIC_NO_PIC = NO;
				GCC_NO_COMMON_BLOCKS = YES;
				GCC_OPTIMIZATION_LEVEL = 0;
				GCC_PREPROCESSOR_DEFINITIONS = (
					"DEBUG=1",
					"$(inherited)",
				);
				GCC_WARN_64_TO_32_BIT_CONVERSION = YES;
				GCC_WARN_ABOUT_RETURN_TYPE = YES_ERROR;
				GCC_WARN_UNDECLARED_SELECTOR = YES;
				GCC_WARN_UNINITIALIZED_AUTOS = YES_AGGRESSIVE;
				GCC_WARN_UNUSED_FUNCTION = YES;
				GCC_WARN_UNUSED_VARIABLE = YES;
				IPHONEOS_DEPLOYMENT_TARGET = 18.4;
				LOCALIZATION_PREFERS_STRING_CATALOGS = YES;
				MTL_ENABLE_DEBUG_INFO = INCLUDE_SOURCE;
				MTL_FAST_MATH = YES;
				ONLY_ACTIVE_ARCH = YES;
				SDKROOT = iphoneos;
				SWIFT_ACTIVE_COMPILATION_CONDITIONS = "DEBUG $(inherited)";
				SWIFT_OPTIMIZATION_LEVEL = "-Onone";
			};
			name = Debug;
		};
		D24556BC2E192BE300409BD7 /* Release */ = {
			isa = XCBuildConfiguration;
			baseConfigurationReference = E202BAEC2E1E3F3900ECEE0E /* Release.xcconfig */;
			buildSettings = {
				ALWAYS_SEARCH_USER_PATHS = NO;
				ASSETCATALOG_COMPILER_GENERATE_SWIFT_ASSET_SYMBOL_EXTENSIONS = YES;
				CLANG_ANALYZER_NONNULL = YES;
				CLANG_ANALYZER_NUMBER_OBJECT_CONVERSION = YES_AGGRESSIVE;
				CLANG_CXX_LANGUAGE_STANDARD = "gnu++20";
				CLANG_ENABLE_MODULES = YES;
				CLANG_ENABLE_OBJC_ARC = YES;
				CLANG_ENABLE_OBJC_WEAK = YES;
				CLANG_WARN_BLOCK_CAPTURE_AUTORELEASING = YES;
				CLANG_WARN_BOOL_CONVERSION = YES;
				CLANG_WARN_COMMA = YES;
				CLANG_WARN_CONSTANT_CONVERSION = YES;
				CLANG_WARN_DEPRECATED_OBJC_IMPLEMENTATIONS = YES;
				CLANG_WARN_DIRECT_OBJC_ISA_USAGE = YES_ERROR;
				CLANG_WARN_DOCUMENTATION_COMMENTS = YES;
				CLANG_WARN_EMPTY_BODY = YES;
				CLANG_WARN_ENUM_CONVERSION = YES;
				CLANG_WARN_INFINITE_RECURSION = YES;
				CLANG_WARN_INT_CONVERSION = YES;
				CLANG_WARN_NON_LITERAL_NULL_CONVERSION = YES;
				CLANG_WARN_OBJC_IMPLICIT_RETAIN_SELF = YES;
				CLANG_WARN_OBJC_LITERAL_CONVERSION = YES;
				CLANG_WARN_OBJC_ROOT_CLASS = YES_ERROR;
				CLANG_WARN_QUOTED_INCLUDE_IN_FRAMEWORK_HEADER = YES;
				CLANG_WARN_RANGE_LOOP_ANALYSIS = YES;
				CLANG_WARN_STRICT_PROTOTYPES = YES;
				CLANG_WARN_SUSPICIOUS_MOVE = YES;
				CLANG_WARN_UNGUARDED_AVAILABILITY = YES_AGGRESSIVE;
				CLANG_WARN_UNREACHABLE_CODE = YES;
				CLANG_WARN__DUPLICATE_METHOD_MATCH = YES;
				COPY_PHASE_STRIP = NO;
				DEBUG_INFORMATION_FORMAT = "dwarf-with-dsym";
				DEVELOPMENT_TEAM = KNU45PG8G9;
				ENABLE_NS_ASSERTIONS = NO;
				ENABLE_STRICT_OBJC_MSGSEND = YES;
				ENABLE_USER_SCRIPT_SANDBOXING = YES;
				GCC_C_LANGUAGE_STANDARD = gnu17;
				GCC_NO_COMMON_BLOCKS = YES;
				GCC_WARN_64_TO_32_BIT_CONVERSION = YES;
				GCC_WARN_ABOUT_RETURN_TYPE = YES_ERROR;
				GCC_WARN_UNDECLARED_SELECTOR = YES;
				GCC_WARN_UNINITIALIZED_AUTOS = YES_AGGRESSIVE;
				GCC_WARN_UNUSED_FUNCTION = YES;
				GCC_WARN_UNUSED_VARIABLE = YES;
				IPHONEOS_DEPLOYMENT_TARGET = 18.4;
				LOCALIZATION_PREFERS_STRING_CATALOGS = YES;
				MTL_ENABLE_DEBUG_INFO = NO;
				MTL_FAST_MATH = YES;
				SDKROOT = iphoneos;
				SWIFT_COMPILATION_MODE = wholemodule;
				VALIDATE_PRODUCT = YES;
			};
			name = Release;
		};
		D24556BE2E192BE300409BD7 /* Debug */ = {
			isa = XCBuildConfiguration;
			buildSettings = {
				ASSETCATALOG_COMPILER_APPICON_NAME = AppIcon;
				ASSETCATALOG_COMPILER_GLOBAL_ACCENT_COLOR_NAME = AccentColor;
				CODE_SIGN_IDENTITY = "Apple Development";
				CODE_SIGN_STYLE = Automatic;
				CURRENT_PROJECT_VERSION = 1;
				DEVELOPMENT_TEAM = 876W82FDBV;
				ENABLE_PREVIEWS = YES;
				GENERATE_INFOPLIST_FILE = YES;
				INFOPLIST_FILE = SaiSai/SupportingFiles/Info.plist;
				INFOPLIST_KEY_NSLocationWhenInUseUsageDescription = "위치 권한 받아오기";
				INFOPLIST_KEY_UIApplicationSceneManifest_Generation = YES;
				INFOPLIST_KEY_UIApplicationSupportsIndirectInputEvents = YES;
				INFOPLIST_KEY_UILaunchScreen_Generation = YES;
				INFOPLIST_KEY_UISupportedInterfaceOrientations_iPad = "UIInterfaceOrientationPortrait UIInterfaceOrientationPortraitUpsideDown UIInterfaceOrientationLandscapeLeft UIInterfaceOrientationLandscapeRight";
				INFOPLIST_KEY_UISupportedInterfaceOrientations_iPhone = "UIInterfaceOrientationPortrait UIInterfaceOrientationLandscapeLeft UIInterfaceOrientationLandscapeRight";
				IPHONEOS_DEPLOYMENT_TARGET = 17.0;
				LD_RUNPATH_SEARCH_PATHS = (
					"$(inherited)",
					"@executable_path/Frameworks",
				);
				MARKETING_VERSION = 1.0;
				PRODUCT_BUNDLE_IDENTIFIER = kr.SaiSai;
				PRODUCT_NAME = "$(TARGET_NAME)";
				PROVISIONING_PROFILE_SPECIFIER = "";
				SWIFT_EMIT_LOC_STRINGS = YES;
				SWIFT_VERSION = 5.0;
				TARGETED_DEVICE_FAMILY = "1,2";
			};
			name = Debug;
		};
		D24556BF2E192BE300409BD7 /* Release */ = {
			isa = XCBuildConfiguration;
			buildSettings = {
				ASSETCATALOG_COMPILER_APPICON_NAME = AppIcon;
				ASSETCATALOG_COMPILER_GLOBAL_ACCENT_COLOR_NAME = AccentColor;
				CODE_SIGN_IDENTITY = "Apple Development";
				CODE_SIGN_STYLE = Automatic;
				CURRENT_PROJECT_VERSION = 1;
				DEVELOPMENT_TEAM = 876W82FDBV;
				ENABLE_PREVIEWS = YES;
				GENERATE_INFOPLIST_FILE = YES;
				INFOPLIST_FILE = SaiSai/SupportingFiles/Info.plist;
				INFOPLIST_KEY_NSLocationWhenInUseUsageDescription = "위치 권한 받아오기";
				INFOPLIST_KEY_UIApplicationSceneManifest_Generation = YES;
				INFOPLIST_KEY_UIApplicationSupportsIndirectInputEvents = YES;
				INFOPLIST_KEY_UILaunchScreen_Generation = YES;
				INFOPLIST_KEY_UISupportedInterfaceOrientations_iPad = "UIInterfaceOrientationPortrait UIInterfaceOrientationPortraitUpsideDown UIInterfaceOrientationLandscapeLeft UIInterfaceOrientationLandscapeRight";
				INFOPLIST_KEY_UISupportedInterfaceOrientations_iPhone = "UIInterfaceOrientationPortrait UIInterfaceOrientationLandscapeLeft UIInterfaceOrientationLandscapeRight";
				IPHONEOS_DEPLOYMENT_TARGET = 17.0;
				LD_RUNPATH_SEARCH_PATHS = (
					"$(inherited)",
					"@executable_path/Frameworks",
				);
				MARKETING_VERSION = 1.0;
				PRODUCT_BUNDLE_IDENTIFIER = kr.SaiSai;
				PRODUCT_NAME = "$(TARGET_NAME)";
				PROVISIONING_PROFILE_SPECIFIER = "";
				SWIFT_EMIT_LOC_STRINGS = YES;
				SWIFT_VERSION = 5.0;
				TARGETED_DEVICE_FAMILY = "1,2";
			};
			name = Release;
		};
/* End XCBuildConfiguration section */

/* Begin XCConfigurationList section */
		D24556AD2E192BE100409BD7 /* Build configuration list for PBXProject "SaiSai" */ = {
			isa = XCConfigurationList;
			buildConfigurations = (
				D24556BB2E192BE300409BD7 /* Debug */,
				D24556BC2E192BE300409BD7 /* Release */,
			);
			defaultConfigurationIsVisible = 0;
			defaultConfigurationName = Release;
		};
		D24556BD2E192BE300409BD7 /* Build configuration list for PBXNativeTarget "SaiSai" */ = {
			isa = XCConfigurationList;
			buildConfigurations = (
				D24556BE2E192BE300409BD7 /* Debug */,
				D24556BF2E192BE300409BD7 /* Release */,
			);
			defaultConfigurationIsVisible = 0;
			defaultConfigurationName = Release;
		};
/* End XCConfigurationList section */

/* Begin XCRemoteSwiftPackageReference section */
		E202BC3E2E1E91D300ECEE0E /* XCRemoteSwiftPackageReference "Moya" */ = {
			isa = XCRemoteSwiftPackageReference;
			repositoryURL = "https://github.com/Moya/Moya.git";
			requirement = {
				kind = upToNextMajorVersion;
				minimumVersion = 15.0.3;
			};
		};
		E25DF4D42E28B54E00C15895 /* XCRemoteSwiftPackageReference "Kingfisher" */ = {
			isa = XCRemoteSwiftPackageReference;
			repositoryURL = "https://github.com/onevcat/Kingfisher.git";
			requirement = {
				kind = upToNextMajorVersion;
				minimumVersion = 8.5.0;
			};
		};
/* End XCRemoteSwiftPackageReference section */

/* Begin XCSwiftPackageProductDependency section */
		E202BC3F2E1E91D300ECEE0E /* CombineMoya */ = {
			isa = XCSwiftPackageProductDependency;
			package = E202BC3E2E1E91D300ECEE0E /* XCRemoteSwiftPackageReference "Moya" */;
			productName = CombineMoya;
		};
		E202BC412E1E91D300ECEE0E /* Moya */ = {
			isa = XCSwiftPackageProductDependency;
			package = E202BC3E2E1E91D300ECEE0E /* XCRemoteSwiftPackageReference "Moya" */;
			productName = Moya;
		};
		E202BC432E1E91D300ECEE0E /* ReactiveMoya */ = {
			isa = XCSwiftPackageProductDependency;
			package = E202BC3E2E1E91D300ECEE0E /* XCRemoteSwiftPackageReference "Moya" */;
			productName = ReactiveMoya;
		};
		E202BC452E1E91D300ECEE0E /* RxMoya */ = {
			isa = XCSwiftPackageProductDependency;
			package = E202BC3E2E1E91D300ECEE0E /* XCRemoteSwiftPackageReference "Moya" */;
			productName = RxMoya;
		};
		E25DF4D52E28B54E00C15895 /* Kingfisher */ = {
			isa = XCSwiftPackageProductDependency;
			package = E25DF4D42E28B54E00C15895 /* XCRemoteSwiftPackageReference "Kingfisher" */;
			productName = Kingfisher;
		};
/* End XCSwiftPackageProductDependency section */
	};
	rootObject = D24556AA2E192BE100409BD7 /* Project object */;
}
